
Microsoft Visual Studio Solution File, Format Version 12.00
# Visual Studio Version 16
VisualStudioVersion = 16.0.29102.190
MinimumVisualStudioVersion = 10.0.40219.1
Project("{FAE04EC0-301F-11D3-BF4B-00C04F79EFBC}") = "WindowsFormsApp1", "WindowsFormsApp1\WindowsFormsApp1.csproj", "{F3CCF090-6A5B-4158-8172-2DEB0C9CEE06}"
EndProject
Global
	GlobalSection(SolutionConfigurationPlatforms) = preSolution
		Debug|Any CPU = Debug|Any CPU
		Release|Any CPU = Release|Any CPU
	EndGlobalSection
	GlobalSection(ProjectConfigurationPlatforms) = postSolution
		{F3CCF090-6A5B-4158-8172-2DEB0C9CEE06}.Debug|Any CPU.ActiveCfg = Debug|Any CPU
		{F3CCF090-6A5B-4158-8172-2DEB0C9CEE06}.Debug|Any CPU.Build.0 = Debug|Any CPU
		{F3CCF090-6A5B-4158-8172-2DEB0C9CEE06}.Release|Any CPU.ActiveCfg = Release|Any CPU
		{F3CCF090-6A5B-4158-8172-2DEB0C9CEE06}.Release|Any CPU.Build.0 = Release|Any CPU
	EndGlobalSection
	GlobalSection(SolutionProperties) = preSolution
		HideSolutionNode = FALSE
	EndGlobalSection
	GlobalSection(ExtensibilityGlobals) = postSolution
		SolutionGuid = {CF7DC260-299F-4F21-8407-F7A1F8914708}
	EndGlobalSection
EndGlobal
